
Microsoft Visual Studio Solution File, Format Version 12.00
# Visual Studio 15
VisualStudioVersion = 15.0.27703.2047
MinimumVisualStudioVersion = 10.0.40219.1
Project("{FAE04EC0-301F-11D3-BF4B-00C04F79EFBC}") = "ChessGame.Server", "ChessGame.Server\ChessGame.Server.csproj", "{AF25218E-E769-4AA1-98A8-D212EEA35C31}"
EndProject
Project("{FAE04EC0-301F-11D3-BF4B-00C04F79EFBC}") = "ChessGame.Client", "ChessGame.Client\ChessGame.Client.csproj", "{9139FF6E-F927-4F37-9116-4281FB98E0E0}"
EndProject
Project("{FAE04EC0-301F-11D3-BF4B-00C04F79EFBC}") = "ChessGame.Shared", "ChessGame.Shared\ChessGame.Shared.csproj", "{D0BBF8E0-94FE-4B9D-A1A1-B4032425B860}"
EndProject
Global
	GlobalSection(SolutionConfigurationPlatforms) = preSolution
		Debug|Any CPU = Debug|Any CPU
		Release|Any CPU = Release|Any CPU
	EndGlobalSection
	GlobalSection(ProjectConfigurationPlatforms) = postSolution
		{AF25218E-E769-4AA1-98A8-D212EEA35C31}.Debug|Any CPU.ActiveCfg = Debug|Any CPU
		{AF25218E-E769-4AA1-98A8-D212EEA35C31}.Debug|Any CPU.Build.0 = Debug|Any CPU
		{AF25218E-E769-4AA1-98A8-D212EEA35C31}.Release|Any CPU.ActiveCfg = Release|Any CPU
		{AF25218E-E769-4AA1-98A8-D212EEA35C31}.Release|Any CPU.Build.0 = Release|Any CPU
		{9139FF6E-F927-4F37-9116-4281FB98E0E0}.Debug|Any CPU.ActiveCfg = Debug|Any CPU
		{9139FF6E-F927-4F37-9116-4281FB98E0E0}.Debug|Any CPU.Build.0 = Debug|Any CPU
		{9139FF6E-F927-4F37-9116-4281FB98E0E0}.Release|Any CPU.ActiveCfg = Release|Any CPU
		{9139FF6E-F927-4F37-9116-4281FB98E0E0}.Release|Any CPU.Build.0 = Release|Any CPU
		{D0BBF8E0-94FE-4B9D-A1A1-B4032425B860}.Debug|Any CPU.ActiveCfg = Debug|Any CPU
		{D0BBF8E0-94FE-4B9D-A1A1-B4032425B860}.Debug|Any CPU.Build.0 = Debug|Any CPU
		{D0BBF8E0-94FE-4B9D-A1A1-B4032425B860}.Release|Any CPU.ActiveCfg = Release|Any CPU
		{D0BBF8E0-94FE-4B9D-A1A1-B4032425B860}.Release|Any CPU.Build.0 = Release|Any CPU
	EndGlobalSection
	GlobalSection(SolutionProperties) = preSolution
		HideSolutionNode = FALSE
	EndGlobalSection
	GlobalSection(ExtensibilityGlobals) = postSolution
		SolutionGuid = {2C75E9C0-3387-4D3D-93D1-532DA50AADDD}
	EndGlobalSection
EndGlobal
